
Microsoft Visual Studio Solution File, Format Version 12.00
# Visual Studio Version 17
VisualStudioVersion = 17.14.36511.14 d17.14
MinimumVisualStudioVersion = 10.0.40219.1
Project("{FAE04EC0-301F-11D3-BF4B-00C04F79EFBC}") = "BeckhoffTwinCatAdsDemo", "BeckhoffTwinCatAdsDemo\BeckhoffTwinCatAdsDemo.csproj", "{31CDD9A0-EDFF-4ADF-AFF7-8D92EEB72CAA}"
EndProject
Global
	GlobalSection(SolutionConfigurationPlatforms) = preSolution
		Debug|Any CPU = Debug|Any CPU
		Release|Any CPU = Release|Any CPU
	EndGlobalSection
	GlobalSection(ProjectConfigurationPlatforms) = postSolution
		{31CDD9A0-EDFF-4ADF-AFF7-8D92EEB72CAA}.Debug|Any CPU.ActiveCfg = Debug|Any CPU
		{31CDD9A0-EDFF-4ADF-AFF7-8D92EEB72CAA}.Debug|Any CPU.Build.0 = Debug|Any CPU
		{31CDD9A0-EDFF-4ADF-AFF7-8D92EEB72CAA}.Release|Any CPU.ActiveCfg = Release|Any CPU
		{31CDD9A0-EDFF-4ADF-AFF7-8D92EEB72CAA}.Release|Any CPU.Build.0 = Release|Any CPU
	EndGlobalSection
	GlobalSection(SolutionProperties) = preSolution
		HideSolutionNode = FALSE
	EndGlobalSection
	GlobalSection(ExtensibilityGlobals) = postSolution
		SolutionGuid = {DABE632C-3C56-49BC-8479-D069E6732F0F}
	EndGlobalSection
EndGlobal
